
Microsoft Visual Studio Solution File, Format Version 12.00
# Visual Studio Version 17
VisualStudioVersion = 17.5.002.0
MinimumVisualStudioVersion = 10.0.40219.1
Project("{2150E333-8FDC-42A3-9474-1A3956D46DE8}") = "2022", "2022", "{8AE7944C-549F-4081-92EC-2E08DE9679F7}"
EndProject
Project("{2150E333-8FDC-42A3-9474-1A3956D46DE8}") = "1", "1", "{F46AA6AF-497F-44A7-A19B-A0670CC325F7}"
EndProject
Project("{9A19103F-16F7-4668-BE54-9A1E7A4F7556}") = "dotnet", "2022\1\dotnet\dotnet.csproj", "{6758D262-672B-4C3F-86DC-041599AFBD20}"
EndProject
Project("{2150E333-8FDC-42A3-9474-1A3956D46DE8}") = "2021", "2021", "{F7E442F5-1A3C-4F7A-9043-D1F13517C03F}"
EndProject
Project("{2150E333-8FDC-42A3-9474-1A3956D46DE8}") = "2", "2", "{42049A85-FF91-43A5-AD54-649B074A48C0}"
EndProject
Project("{9A19103F-16F7-4668-BE54-9A1E7A4F7556}") = "fer", "2021\2\dotnet\fer.csproj", "{6CC10DD8-0E30-45B3-9F00-EE580C02DC40}"
EndProject
Project("{2150E333-8FDC-42A3-9474-1A3956D46DE8}") = "1", "1", "{7BA47016-4487-4D26-A52E-038004E20F6E}"
EndProject
Project("{9A19103F-16F7-4668-BE54-9A1E7A4F7556}") = "fer", "2021\1\dotnet\fer.csproj", "{312BA3FF-5B5B-41A7-A82E-6EDC238E85F9}"
EndProject
Project("{2150E333-8FDC-42A3-9474-1A3956D46DE8}") = "3", "3", "{5EC738DA-20DB-4E14-8411-33AACBD54AD5}"
EndProject
Project("{9A19103F-16F7-4668-BE54-9A1E7A4F7556}") = "dotnet", "2021\3\dotnet\dotnet.csproj", "{BE4651A5-72F3-4B6D-B66A-184E72E2FC2C}"
EndProject
Project("{2150E333-8FDC-42A3-9474-1A3956D46DE8}") = "4", "4", "{855EBAB4-D58C-4EE1-AB67-713759E42A8D}"
EndProject
Project("{9A19103F-16F7-4668-BE54-9A1E7A4F7556}") = "dotnet", "2021\4\dotnet\dotnet.csproj", "{F26D4CA8-6261-4425-B67E-4685CFD08064}"
EndProject
Project("{2150E333-8FDC-42A3-9474-1A3956D46DE8}") = "2023", "2023", "{5AD6E857-8134-4C11-AB50-E4CCD5CF8B5E}"
EndProject
Project("{2150E333-8FDC-42A3-9474-1A3956D46DE8}") = "2", "2", "{59A5422F-3875-47A6-8AC7-4B6EECF508F2}"
EndProject
Project("{2150E333-8FDC-42A3-9474-1A3956D46DE8}") = "dotnet", "dotnet", "{99327530-C95A-47FE-B380-95C2DB688EFE}"
EndProject
Project("{9A19103F-16F7-4668-BE54-9A1E7A4F7556}") = "aoc2023-2", "2023\2\dotnet\src\aoc2023-2.csproj", "{A5384AC0-4AFC-4630-A6BB-5EA1DF9C3ABE}"
EndProject
Project("{2150E333-8FDC-42A3-9474-1A3956D46DE8}") = "1", "1", "{9812E31D-C3A5-4F04-8F9C-4CA6CF777AA7}"
EndProject
Project("{2150E333-8FDC-42A3-9474-1A3956D46DE8}") = "dotnet", "dotnet", "{8768CAEB-2DBC-42DB-9985-3535C073C7B7}"
EndProject
Project("{9A19103F-16F7-4668-BE54-9A1E7A4F7556}") = "aoc2023-1", "2023\1\dotnet\src\aoc2023-1.csproj", "{56BCD8C0-3356-4038-ACC7-2E971E4CB0F8}"
EndProject
Global
	GlobalSection(SolutionConfigurationPlatforms) = preSolution
		Debug|Any CPU = Debug|Any CPU
		Release|Any CPU = Release|Any CPU
	EndGlobalSection
	GlobalSection(ProjectConfigurationPlatforms) = postSolution
		{6758D262-672B-4C3F-86DC-041599AFBD20}.Debug|Any CPU.ActiveCfg = Debug|Any CPU
		{6758D262-672B-4C3F-86DC-041599AFBD20}.Debug|Any CPU.Build.0 = Debug|Any CPU
		{6758D262-672B-4C3F-86DC-041599AFBD20}.Release|Any CPU.ActiveCfg = Release|Any CPU
		{6758D262-672B-4C3F-86DC-041599AFBD20}.Release|Any CPU.Build.0 = Release|Any CPU
		{6CC10DD8-0E30-45B3-9F00-EE580C02DC40}.Debug|Any CPU.ActiveCfg = Debug|Any CPU
		{6CC10DD8-0E30-45B3-9F00-EE580C02DC40}.Debug|Any CPU.Build.0 = Debug|Any CPU
		{6CC10DD8-0E30-45B3-9F00-EE580C02DC40}.Release|Any CPU.ActiveCfg = Release|Any CPU
		{6CC10DD8-0E30-45B3-9F00-EE580C02DC40}.Release|Any CPU.Build.0 = Release|Any CPU
		{312BA3FF-5B5B-41A7-A82E-6EDC238E85F9}.Debug|Any CPU.ActiveCfg = Debug|Any CPU
		{312BA3FF-5B5B-41A7-A82E-6EDC238E85F9}.Debug|Any CPU.Build.0 = Debug|Any CPU
		{312BA3FF-5B5B-41A7-A82E-6EDC238E85F9}.Release|Any CPU.ActiveCfg = Release|Any CPU
		{312BA3FF-5B5B-41A7-A82E-6EDC238E85F9}.Release|Any CPU.Build.0 = Release|Any CPU
		{BE4651A5-72F3-4B6D-B66A-184E72E2FC2C}.Debug|Any CPU.ActiveCfg = Debug|Any CPU
		{BE4651A5-72F3-4B6D-B66A-184E72E2FC2C}.Debug|Any CPU.Build.0 = Debug|Any CPU
		{BE4651A5-72F3-4B6D-B66A-184E72E2FC2C}.Release|Any CPU.ActiveCfg = Release|Any CPU
		{BE4651A5-72F3-4B6D-B66A-184E72E2FC2C}.Release|Any CPU.Build.0 = Release|Any CPU
		{F26D4CA8-6261-4425-B67E-4685CFD08064}.Debug|Any CPU.ActiveCfg = Debug|Any CPU
		{F26D4CA8-6261-4425-B67E-4685CFD08064}.Debug|Any CPU.Build.0 = Debug|Any CPU
		{F26D4CA8-6261-4425-B67E-4685CFD08064}.Release|Any CPU.ActiveCfg = Release|Any CPU
		{F26D4CA8-6261-4425-B67E-4685CFD08064}.Release|Any CPU.Build.0 = Release|Any CPU
		{A5384AC0-4AFC-4630-A6BB-5EA1DF9C3ABE}.Debug|Any CPU.ActiveCfg = Debug|Any CPU
		{A5384AC0-4AFC-4630-A6BB-5EA1DF9C3ABE}.Debug|Any CPU.Build.0 = Debug|Any CPU
		{A5384AC0-4AFC-4630-A6BB-5EA1DF9C3ABE}.Release|Any CPU.ActiveCfg = Release|Any CPU
		{A5384AC0-4AFC-4630-A6BB-5EA1DF9C3ABE}.Release|Any CPU.Build.0 = Release|Any CPU
		{56BCD8C0-3356-4038-ACC7-2E971E4CB0F8}.Debug|Any CPU.ActiveCfg = Debug|Any CPU
		{56BCD8C0-3356-4038-ACC7-2E971E4CB0F8}.Debug|Any CPU.Build.0 = Debug|Any CPU
		{56BCD8C0-3356-4038-ACC7-2E971E4CB0F8}.Release|Any CPU.ActiveCfg = Release|Any CPU
		{56BCD8C0-3356-4038-ACC7-2E971E4CB0F8}.Release|Any CPU.Build.0 = Release|Any CPU
	EndGlobalSection
	GlobalSection(SolutionProperties) = preSolution
		HideSolutionNode = FALSE
	EndGlobalSection
	GlobalSection(NestedProjects) = preSolution
		{F46AA6AF-497F-44A7-A19B-A0670CC325F7} = {8AE7944C-549F-4081-92EC-2E08DE9679F7}
		{6758D262-672B-4C3F-86DC-041599AFBD20} = {F46AA6AF-497F-44A7-A19B-A0670CC325F7}
		{42049A85-FF91-43A5-AD54-649B074A48C0} = {F7E442F5-1A3C-4F7A-9043-D1F13517C03F}
		{6CC10DD8-0E30-45B3-9F00-EE580C02DC40} = {42049A85-FF91-43A5-AD54-649B074A48C0}
		{7BA47016-4487-4D26-A52E-038004E20F6E} = {F7E442F5-1A3C-4F7A-9043-D1F13517C03F}
		{312BA3FF-5B5B-41A7-A82E-6EDC238E85F9} = {7BA47016-4487-4D26-A52E-038004E20F6E}
		{5EC738DA-20DB-4E14-8411-33AACBD54AD5} = {F7E442F5-1A3C-4F7A-9043-D1F13517C03F}
		{BE4651A5-72F3-4B6D-B66A-184E72E2FC2C} = {5EC738DA-20DB-4E14-8411-33AACBD54AD5}
		{855EBAB4-D58C-4EE1-AB67-713759E42A8D} = {F7E442F5-1A3C-4F7A-9043-D1F13517C03F}
		{F26D4CA8-6261-4425-B67E-4685CFD08064} = {855EBAB4-D58C-4EE1-AB67-713759E42A8D}
		{59A5422F-3875-47A6-8AC7-4B6EECF508F2} = {5AD6E857-8134-4C11-AB50-E4CCD5CF8B5E}
		{99327530-C95A-47FE-B380-95C2DB688EFE} = {59A5422F-3875-47A6-8AC7-4B6EECF508F2}
		{A5384AC0-4AFC-4630-A6BB-5EA1DF9C3ABE} = {99327530-C95A-47FE-B380-95C2DB688EFE}
		{9812E31D-C3A5-4F04-8F9C-4CA6CF777AA7} = {5AD6E857-8134-4C11-AB50-E4CCD5CF8B5E}
		{8768CAEB-2DBC-42DB-9985-3535C073C7B7} = {9812E31D-C3A5-4F04-8F9C-4CA6CF777AA7}
		{56BCD8C0-3356-4038-ACC7-2E971E4CB0F8} = {8768CAEB-2DBC-42DB-9985-3535C073C7B7}
	EndGlobalSection
	GlobalSection(ExtensibilityGlobals) = postSolution
		SolutionGuid = {92279250-549C-476C-954B-3445DC0BC592}
	EndGlobalSection
EndGlobal
