
Microsoft Visual Studio Solution File, Format Version 12.00
# Visual Studio Version 17
VisualStudioVersion = 17.5.002.0
MinimumVisualStudioVersion = 10.0.40219.1
Project("{9A19103F-16F7-4668-BE54-9A1E7A4F7556}") = "aoc2023-1", "src\aoc2023-1.csproj", "{2214E0BC-2DF7-4593-9855-2F339C33F41D}"
EndProject
Global
	GlobalSection(SolutionConfigurationPlatforms) = preSolution
		Debug|Any CPU = Debug|Any CPU
		Release|Any CPU = Release|Any CPU
	EndGlobalSection
	GlobalSection(ProjectConfigurationPlatforms) = postSolution
		{2214E0BC-2DF7-4593-9855-2F339C33F41D}.Debug|Any CPU.ActiveCfg = Debug|Any CPU
		{2214E0BC-2DF7-4593-9855-2F339C33F41D}.Debug|Any CPU.Build.0 = Debug|Any CPU
		{2214E0BC-2DF7-4593-9855-2F339C33F41D}.Release|Any CPU.ActiveCfg = Release|Any CPU
		{2214E0BC-2DF7-4593-9855-2F339C33F41D}.Release|Any CPU.Build.0 = Release|Any CPU
	EndGlobalSection
	GlobalSection(SolutionProperties) = preSolution
		HideSolutionNode = FALSE
	EndGlobalSection
	GlobalSection(ExtensibilityGlobals) = postSolution
		SolutionGuid = {3C2B2FC1-6063-4225-ACA7-6DD7786A94A7}
	EndGlobalSection
EndGlobal
